// !$*UTF8*$!
{
	archiveVersion = 1;
	classes = {
	};
	objectVersion = 56;
	objects = {

/* Begin PBXBuildFile section */
		787FA8FF2BF915B1007E5610 /* NotTodoCVC.swift in Sources */ = {isa = PBXBuildFile; fileRef = 787FA8FE2BF915B1007E5610 /* NotTodoCVC.swift */; };
		787FA9012BF915BD007E5610 /* TodoCVC.swift in Sources */ = {isa = PBXBuildFile; fileRef = 787FA9002BF915BD007E5610 /* TodoCVC.swift */; };
		9E3FBA352BF914110085B6F1 /* ConfirmationAlertViewController.swift in Sources */ = {isa = PBXBuildFile; fileRef = 9E3FBA342BF914110085B6F1 /* ConfirmationAlertViewController.swift */; };
		9E3FBA3C2BF93BFE0085B6F1 /* SuccessViewController.swift in Sources */ = {isa = PBXBuildFile; fileRef = 9E3FBA3B2BF93BFE0085B6F1 /* SuccessViewController.swift */; };
		9E3FBA402BF94A370085B6F1 /* NetworkResult.swift in Sources */ = {isa = PBXBuildFile; fileRef = 9E3FBA3F2BF94A370085B6F1 /* NetworkResult.swift */; };
		9E3FBA422BF94A480085B6F1 /* MoyaLoggingPlugin.swift in Sources */ = {isa = PBXBuildFile; fileRef = 9E3FBA412BF94A480085B6F1 /* MoyaLoggingPlugin.swift */; };
		9E3FBA442BF94A710085B6F1 /* BaseTargetType.swift in Sources */ = {isa = PBXBuildFile; fileRef = 9E3FBA432BF94A710085B6F1 /* BaseTargetType.swift */; };
		9E3FBA482BF94BAB0085B6F1 /* Config.swift in Sources */ = {isa = PBXBuildFile; fileRef = 9E3FBA472BF94BAB0085B6F1 /* Config.swift */; };
		9E3FBA4B2BF94FA40085B6F1 /* GetAllResponseDTO.swift in Sources */ = {isa = PBXBuildFile; fileRef = 9E3FBA4A2BF94FA40085B6F1 /* GetAllResponseDTO.swift */; };
		9E3FBA4D2BF950630085B6F1 /* BasicResponseDTO.swift in Sources */ = {isa = PBXBuildFile; fileRef = 9E3FBA4C2BF950630085B6F1 /* BasicResponseDTO.swift */; };
		9E3FBA502BF951E10085B6F1 /* PostGoalRequestBody.swift in Sources */ = {isa = PBXBuildFile; fileRef = 9E3FBA4F2BF951E10085B6F1 /* PostGoalRequestBody.swift */; };
		9E3FBA522BF9526C0085B6F1 /* PostNotTodoRequestBody.swift in Sources */ = {isa = PBXBuildFile; fileRef = 9E3FBA512BF9526C0085B6F1 /* PostNotTodoRequestBody.swift */; };
		9E3FBA542BF952ED0085B6F1 /* PostTodoRequestBody.swift in Sources */ = {isa = PBXBuildFile; fileRef = 9E3FBA532BF952ED0085B6F1 /* PostTodoRequestBody.swift */; };
		CA0C2CBC2BF931F70026C6C7 /* OnBoardingView.swift in Sources */ = {isa = PBXBuildFile; fileRef = CA0C2CBB2BF931F70026C6C7 /* OnBoardingView.swift */; };
		CA0C2CBE2BF933CE0026C6C7 /* Montserrat-Bold.otf in Resources */ = {isa = PBXBuildFile; fileRef = CA0C2CBD2BF933CE0026C6C7 /* Montserrat-Bold.otf */; };
		CA0C2CC12BF9478E0026C6C7 /* lottie.json in Resources */ = {isa = PBXBuildFile; fileRef = CA0C2CC02BF9478E0026C6C7 /* lottie.json */; };
		CA0C2CC42BF948290026C6C7 /* Lottie in Frameworks */ = {isa = PBXBuildFile; productRef = CA0C2CC32BF948290026C6C7 /* Lottie */; };
		CA0C2CC72BF95CC90026C6C7 /* OnBoardingService.swift in Sources */ = {isa = PBXBuildFile; fileRef = CA0C2CC62BF95CC90026C6C7 /* OnBoardingService.swift */; };
		CA0C2CCC2BF965C40026C6C7 /* RegisterService.swift in Sources */ = {isa = PBXBuildFile; fileRef = CA0C2CCB2BF965C40026C6C7 /* RegisterService.swift */; };
		CA2CBE022BF8DD3A00049F8F /* AppDelegate.swift in Sources */ = {isa = PBXBuildFile; fileRef = CA2CBE012BF8DD3A00049F8F /* AppDelegate.swift */; };
		CA2CBE042BF8DD3A00049F8F /* SceneDelegate.swift in Sources */ = {isa = PBXBuildFile; fileRef = CA2CBE032BF8DD3A00049F8F /* SceneDelegate.swift */; };
		CA2CBE062BF8DD3A00049F8F /* ViewController.swift in Sources */ = {isa = PBXBuildFile; fileRef = CA2CBE052BF8DD3A00049F8F /* ViewController.swift */; };
		CA2CBE0B2BF8DD3C00049F8F /* Assets.xcassets in Resources */ = {isa = PBXBuildFile; fileRef = CA2CBE0A2BF8DD3C00049F8F /* Assets.xcassets */; };
		CA2CBE0E2BF8DD3C00049F8F /* Base in Resources */ = {isa = PBXBuildFile; fileRef = CA2CBE0D2BF8DD3C00049F8F /* Base */; };
		CA2CBE172BF8DE5E00049F8F /* SnapKit in Frameworks */ = {isa = PBXBuildFile; productRef = CA2CBE162BF8DE5E00049F8F /* SnapKit */; };
		CA2CBE192BF8DE5E00049F8F /* SnapKit-Dynamic in Frameworks */ = {isa = PBXBuildFile; productRef = CA2CBE182BF8DE5E00049F8F /* SnapKit-Dynamic */; };
		CA2CBE1C2BF8DE6C00049F8F /* Then in Frameworks */ = {isa = PBXBuildFile; productRef = CA2CBE1B2BF8DE6C00049F8F /* Then */; };
		CA2CBE1F2BF8DEC800049F8F /* CombineMoya in Frameworks */ = {isa = PBXBuildFile; productRef = CA2CBE1E2BF8DEC800049F8F /* CombineMoya */; };
		CA2CBE212BF8DEC800049F8F /* Moya in Frameworks */ = {isa = PBXBuildFile; productRef = CA2CBE202BF8DEC800049F8F /* Moya */; };
		CA2CBE232BF8DEC800049F8F /* ReactiveMoya in Frameworks */ = {isa = PBXBuildFile; productRef = CA2CBE222BF8DEC800049F8F /* ReactiveMoya */; };
		CA2CBE252BF8DEC800049F8F /* RxMoya in Frameworks */ = {isa = PBXBuildFile; productRef = CA2CBE242BF8DEC800049F8F /* RxMoya */; };
		CA2CBE292BF8DF5600049F8F /* UICollectionViewCell+.swift in Sources */ = {isa = PBXBuildFile; fileRef = CA2CBE282BF8DF5600049F8F /* UICollectionViewCell+.swift */; };
		CA2CBE2B2BF8DF9C00049F8F /* UIFont+.swift in Sources */ = {isa = PBXBuildFile; fileRef = CA2CBE2A2BF8DF9C00049F8F /* UIFont+.swift */; };
		CA2CBE2D2BF8DFDC00049F8F /* UIStackView+.swift in Sources */ = {isa = PBXBuildFile; fileRef = CA2CBE2C2BF8DFDC00049F8F /* UIStackView+.swift */; };
		CA2CBE2F2BF8DFF400049F8F /* UITableViewCell+.swift in Sources */ = {isa = PBXBuildFile; fileRef = CA2CBE2E2BF8DFF400049F8F /* UITableViewCell+.swift */; };
		CA2CBE312BF8E00600049F8F /* UIView+.swift in Sources */ = {isa = PBXBuildFile; fileRef = CA2CBE302BF8E00600049F8F /* UIView+.swift */; };
		CA2CBE372BF8E30600049F8F /* Pretendard-Regular.otf in Resources */ = {isa = PBXBuildFile; fileRef = CA2CBE342BF8E30600049F8F /* Pretendard-Regular.otf */; };
		CA2CBE382BF8E30600049F8F /* Pretendard-Bold.otf in Resources */ = {isa = PBXBuildFile; fileRef = CA2CBE352BF8E30600049F8F /* Pretendard-Bold.otf */; };
		CA2CBE392BF8E30600049F8F /* Pretendard-Medium.otf in Resources */ = {isa = PBXBuildFile; fileRef = CA2CBE362BF8E30600049F8F /* Pretendard-Medium.otf */; };
		CA2CBE3B2BF8E31300049F8F /* Pretendard-SemiBold.otf in Resources */ = {isa = PBXBuildFile; fileRef = CA2CBE3A2BF8E31300049F8F /* Pretendard-SemiBold.otf */; };
		CA2CBE3D2BF8E35A00049F8F /* Pretendard-ExtraBold.otf in Resources */ = {isa = PBXBuildFile; fileRef = CA2CBE3C2BF8E35A00049F8F /* Pretendard-ExtraBold.otf */; };
		CA2CBE3F2BF8E3D400049F8F /* Pretendard-ExtraLight.otf in Resources */ = {isa = PBXBuildFile; fileRef = CA2CBE3E2BF8E3D400049F8F /* Pretendard-ExtraLight.otf */; };
		CA2CBE412BF8E42400049F8F /* Pretendard-Light.otf in Resources */ = {isa = PBXBuildFile; fileRef = CA2CBE402BF8E42400049F8F /* Pretendard-Light.otf */; };
		CA2CBE432BF8F60D00049F8F /* UILabel+.swift in Sources */ = {isa = PBXBuildFile; fileRef = CA2CBE422BF8F60D00049F8F /* UILabel+.swift */; };
		CA2CBE4C2BF90E6D00049F8F /* CheckToDoViewController.swift in Sources */ = {isa = PBXBuildFile; fileRef = CA2CBE4B2BF90E6D00049F8F /* CheckToDoViewController.swift */; };
		CA2CBE592BF910E800049F8F /* OnBoardingViewController.swift in Sources */ = {isa = PBXBuildFile; fileRef = CA2CBE582BF910E800049F8F /* OnBoardingViewController.swift */; };
		CA2CBE5C2BF915AF00049F8F /* SplashViewController.swift in Sources */ = {isa = PBXBuildFile; fileRef = CA2CBE5B2BF915AF00049F8F /* SplashViewController.swift */; };
		D014574B2BF9213300A6E0AF /* RegisterToDoViewController.swift in Sources */ = {isa = PBXBuildFile; fileRef = D014574A2BF9213300A6E0AF /* RegisterToDoViewController.swift */; };
		D014574E2BF9215800A6E0AF /* RegisterToDoView.swift in Sources */ = {isa = PBXBuildFile; fileRef = D014574D2BF9215800A6E0AF /* RegisterToDoView.swift */; };
		D01457502BF921A900A6E0AF /* RegisterNotToDoViewController.swift in Sources */ = {isa = PBXBuildFile; fileRef = D014574F2BF921A900A6E0AF /* RegisterNotToDoViewController.swift */; };
		D01457522BF921C300A6E0AF /* RegisterNotToDoView.swift in Sources */ = {isa = PBXBuildFile; fileRef = D01457512BF921C300A6E0AF /* RegisterNotToDoView.swift */; };
		D0C0C0FE2BF8ED38005A7D5C /* UITextField+.swift in Sources */ = {isa = PBXBuildFile; fileRef = D0C0C0FD2BF8ED38005A7D5C /* UITextField+.swift */; };
/* End PBXBuildFile section */

/* Begin PBXFileReference section */
		787FA8FE2BF915B1007E5610 /* NotTodoCVC.swift */ = {isa = PBXFileReference; lastKnownFileType = sourcecode.swift; path = NotTodoCVC.swift; sourceTree = "<group>"; };
		787FA9002BF915BD007E5610 /* TodoCVC.swift */ = {isa = PBXFileReference; lastKnownFileType = sourcecode.swift; path = TodoCVC.swift; sourceTree = "<group>"; };
		9E3FBA342BF914110085B6F1 /* ConfirmationAlertViewController.swift */ = {isa = PBXFileReference; lastKnownFileType = sourcecode.swift; path = ConfirmationAlertViewController.swift; sourceTree = "<group>"; };
		9E3FBA3B2BF93BFE0085B6F1 /* SuccessViewController.swift */ = {isa = PBXFileReference; lastKnownFileType = sourcecode.swift; path = SuccessViewController.swift; sourceTree = "<group>"; };
		9E3FBA3F2BF94A370085B6F1 /* NetworkResult.swift */ = {isa = PBXFileReference; lastKnownFileType = sourcecode.swift; path = NetworkResult.swift; sourceTree = "<group>"; };
		9E3FBA412BF94A480085B6F1 /* MoyaLoggingPlugin.swift */ = {isa = PBXFileReference; lastKnownFileType = sourcecode.swift; path = MoyaLoggingPlugin.swift; sourceTree = "<group>"; };
		9E3FBA432BF94A710085B6F1 /* BaseTargetType.swift */ = {isa = PBXFileReference; lastKnownFileType = sourcecode.swift; path = BaseTargetType.swift; sourceTree = "<group>"; };
		9E3FBA472BF94BAB0085B6F1 /* Config.swift */ = {isa = PBXFileReference; lastKnownFileType = sourcecode.swift; path = Config.swift; sourceTree = "<group>"; };
		9E3FBA4A2BF94FA40085B6F1 /* GetAllResponseDTO.swift */ = {isa = PBXFileReference; lastKnownFileType = sourcecode.swift; path = GetAllResponseDTO.swift; sourceTree = "<group>"; };
		9E3FBA4C2BF950630085B6F1 /* BasicResponseDTO.swift */ = {isa = PBXFileReference; lastKnownFileType = sourcecode.swift; path = BasicResponseDTO.swift; sourceTree = "<group>"; };
		9E3FBA4F2BF951E10085B6F1 /* PostGoalRequestBody.swift */ = {isa = PBXFileReference; lastKnownFileType = sourcecode.swift; path = PostGoalRequestBody.swift; sourceTree = "<group>"; };
		9E3FBA512BF9526C0085B6F1 /* PostNotTodoRequestBody.swift */ = {isa = PBXFileReference; lastKnownFileType = sourcecode.swift; path = PostNotTodoRequestBody.swift; sourceTree = "<group>"; };
		9E3FBA532BF952ED0085B6F1 /* PostTodoRequestBody.swift */ = {isa = PBXFileReference; lastKnownFileType = sourcecode.swift; path = PostTodoRequestBody.swift; sourceTree = "<group>"; };
		CA0C2CBB2BF931F70026C6C7 /* OnBoardingView.swift */ = {isa = PBXFileReference; lastKnownFileType = sourcecode.swift; path = OnBoardingView.swift; sourceTree = "<group>"; };
		CA0C2CBD2BF933CE0026C6C7 /* Montserrat-Bold.otf */ = {isa = PBXFileReference; lastKnownFileType = file; path = "Montserrat-Bold.otf"; sourceTree = "<group>"; };
		CA0C2CC02BF9478E0026C6C7 /* lottie.json */ = {isa = PBXFileReference; fileEncoding = 4; lastKnownFileType = text.json; path = lottie.json; sourceTree = "<group>"; };
		CA0C2CC62BF95CC90026C6C7 /* OnBoardingService.swift */ = {isa = PBXFileReference; lastKnownFileType = sourcecode.swift; path = OnBoardingService.swift; sourceTree = "<group>"; };
		CA0C2CC92BF95F140026C6C7 /* Config.xcconfig */ = {isa = PBXFileReference; lastKnownFileType = text.xcconfig; path = Config.xcconfig; sourceTree = "<group>"; };
		CA0C2CCB2BF965C40026C6C7 /* RegisterService.swift */ = {isa = PBXFileReference; lastKnownFileType = sourcecode.swift; path = RegisterService.swift; sourceTree = "<group>"; };
		CA2CBDFE2BF8DD3A00049F8F /* 34th-SOPKATHON-Team1-iOS.app */ = {isa = PBXFileReference; explicitFileType = wrapper.application; includeInIndex = 0; path = "34th-SOPKATHON-Team1-iOS.app"; sourceTree = BUILT_PRODUCTS_DIR; };
		CA2CBE012BF8DD3A00049F8F /* AppDelegate.swift */ = {isa = PBXFileReference; lastKnownFileType = sourcecode.swift; path = AppDelegate.swift; sourceTree = "<group>"; };
		CA2CBE032BF8DD3A00049F8F /* SceneDelegate.swift */ = {isa = PBXFileReference; lastKnownFileType = sourcecode.swift; path = SceneDelegate.swift; sourceTree = "<group>"; };
		CA2CBE052BF8DD3A00049F8F /* ViewController.swift */ = {isa = PBXFileReference; lastKnownFileType = sourcecode.swift; path = ViewController.swift; sourceTree = "<group>"; };
		CA2CBE0A2BF8DD3C00049F8F /* Assets.xcassets */ = {isa = PBXFileReference; lastKnownFileType = folder.assetcatalog; path = Assets.xcassets; sourceTree = "<group>"; };
		CA2CBE0D2BF8DD3C00049F8F /* Base */ = {isa = PBXFileReference; lastKnownFileType = file.storyboard; name = Base; path = Base.lproj/LaunchScreen.storyboard; sourceTree = "<group>"; };
		CA2CBE0F2BF8DD3C00049F8F /* Info.plist */ = {isa = PBXFileReference; lastKnownFileType = text.plist.xml; path = Info.plist; sourceTree = "<group>"; };
		CA2CBE282BF8DF5600049F8F /* UICollectionViewCell+.swift */ = {isa = PBXFileReference; lastKnownFileType = sourcecode.swift; path = "UICollectionViewCell+.swift"; sourceTree = "<group>"; };
		CA2CBE2A2BF8DF9C00049F8F /* UIFont+.swift */ = {isa = PBXFileReference; lastKnownFileType = sourcecode.swift; path = "UIFont+.swift"; sourceTree = "<group>"; };
		CA2CBE2C2BF8DFDC00049F8F /* UIStackView+.swift */ = {isa = PBXFileReference; lastKnownFileType = sourcecode.swift; path = "UIStackView+.swift"; sourceTree = "<group>"; };
		CA2CBE2E2BF8DFF400049F8F /* UITableViewCell+.swift */ = {isa = PBXFileReference; lastKnownFileType = sourcecode.swift; path = "UITableViewCell+.swift"; sourceTree = "<group>"; };
		CA2CBE302BF8E00600049F8F /* UIView+.swift */ = {isa = PBXFileReference; lastKnownFileType = sourcecode.swift; path = "UIView+.swift"; sourceTree = "<group>"; };
		CA2CBE342BF8E30600049F8F /* Pretendard-Regular.otf */ = {isa = PBXFileReference; lastKnownFileType = file; path = "Pretendard-Regular.otf"; sourceTree = "<group>"; };
		CA2CBE352BF8E30600049F8F /* Pretendard-Bold.otf */ = {isa = PBXFileReference; lastKnownFileType = file; path = "Pretendard-Bold.otf"; sourceTree = "<group>"; };
		CA2CBE362BF8E30600049F8F /* Pretendard-Medium.otf */ = {isa = PBXFileReference; lastKnownFileType = file; path = "Pretendard-Medium.otf"; sourceTree = "<group>"; };
		CA2CBE3A2BF8E31300049F8F /* Pretendard-SemiBold.otf */ = {isa = PBXFileReference; lastKnownFileType = file; path = "Pretendard-SemiBold.otf"; sourceTree = "<group>"; };
		CA2CBE3C2BF8E35A00049F8F /* Pretendard-ExtraBold.otf */ = {isa = PBXFileReference; lastKnownFileType = file; path = "Pretendard-ExtraBold.otf"; sourceTree = "<group>"; };
		CA2CBE3E2BF8E3D400049F8F /* Pretendard-ExtraLight.otf */ = {isa = PBXFileReference; lastKnownFileType = file; path = "Pretendard-ExtraLight.otf"; sourceTree = "<group>"; };
		CA2CBE402BF8E42400049F8F /* Pretendard-Light.otf */ = {isa = PBXFileReference; lastKnownFileType = file; path = "Pretendard-Light.otf"; sourceTree = "<group>"; };
		CA2CBE422BF8F60D00049F8F /* UILabel+.swift */ = {isa = PBXFileReference; lastKnownFileType = sourcecode.swift; path = "UILabel+.swift"; sourceTree = "<group>"; };
		CA2CBE4B2BF90E6D00049F8F /* CheckToDoViewController.swift */ = {isa = PBXFileReference; lastKnownFileType = sourcecode.swift; path = CheckToDoViewController.swift; sourceTree = "<group>"; };
		CA2CBE582BF910E800049F8F /* OnBoardingViewController.swift */ = {isa = PBXFileReference; lastKnownFileType = sourcecode.swift; path = OnBoardingViewController.swift; sourceTree = "<group>"; };
		CA2CBE5B2BF915AF00049F8F /* SplashViewController.swift */ = {isa = PBXFileReference; lastKnownFileType = sourcecode.swift; path = SplashViewController.swift; sourceTree = "<group>"; };
		D014574A2BF9213300A6E0AF /* RegisterToDoViewController.swift */ = {isa = PBXFileReference; lastKnownFileType = sourcecode.swift; path = RegisterToDoViewController.swift; sourceTree = "<group>"; };
		D014574D2BF9215800A6E0AF /* RegisterToDoView.swift */ = {isa = PBXFileReference; lastKnownFileType = sourcecode.swift; path = RegisterToDoView.swift; sourceTree = "<group>"; };
		D014574F2BF921A900A6E0AF /* RegisterNotToDoViewController.swift */ = {isa = PBXFileReference; lastKnownFileType = sourcecode.swift; path = RegisterNotToDoViewController.swift; sourceTree = "<group>"; };
		D01457512BF921C300A6E0AF /* RegisterNotToDoView.swift */ = {isa = PBXFileReference; lastKnownFileType = sourcecode.swift; path = RegisterNotToDoView.swift; sourceTree = "<group>"; };
		D0C0C0FD2BF8ED38005A7D5C /* UITextField+.swift */ = {isa = PBXFileReference; lastKnownFileType = sourcecode.swift; path = "UITextField+.swift"; sourceTree = "<group>"; };
/* End PBXFileReference section */

/* Begin PBXFrameworksBuildPhase section */
		CA2CBDFB2BF8DD3A00049F8F /* Frameworks */ = {
			isa = PBXFrameworksBuildPhase;
			buildActionMask = 2147483647;
			files = (
				CA2CBE172BF8DE5E00049F8F /* SnapKit in Frameworks */,
				CA2CBE1C2BF8DE6C00049F8F /* Then in Frameworks */,
				CA2CBE1F2BF8DEC800049F8F /* CombineMoya in Frameworks */,
				CA2CBE212BF8DEC800049F8F /* Moya in Frameworks */,
				CA2CBE252BF8DEC800049F8F /* RxMoya in Frameworks */,
				CA2CBE192BF8DE5E00049F8F /* SnapKit-Dynamic in Frameworks */,
				CA2CBE232BF8DEC800049F8F /* ReactiveMoya in Frameworks */,
				CA0C2CC42BF948290026C6C7 /* Lottie in Frameworks */,
			);
			runOnlyForDeploymentPostprocessing = 0;
		};
/* End PBXFrameworksBuildPhase section */

/* Begin PBXGroup section */
		787FA8FD2BF9158C007E5610 /* Cell */ = {
			isa = PBXGroup;
			children = (
				787FA8FE2BF915B1007E5610 /* NotTodoCVC.swift */,
				787FA9002BF915BD007E5610 /* TodoCVC.swift */,
			);
			path = Cell;
			sourceTree = "<group>";
		};
		9E3FBA332BF913E50085B6F1 /* ViewController */ = {
			isa = PBXGroup;
			children = (
				9E3FBA342BF914110085B6F1 /* ConfirmationAlertViewController.swift */,
			);
			path = ViewController;
			sourceTree = "<group>";
		};
		9E3FBA392BF93BDD0085B6F1 /* Success */ = {
			isa = PBXGroup;
			children = (
				9E3FBA3A2BF93BE90085B6F1 /* ViewController */,
			);
			path = Success;
			sourceTree = "<group>";
		};
		9E3FBA3A2BF93BE90085B6F1 /* ViewController */ = {
			isa = PBXGroup;
			children = (
				9E3FBA3B2BF93BFE0085B6F1 /* SuccessViewController.swift */,
			);
			path = ViewController;
			sourceTree = "<group>";
		};
		9E3FBA3D2BF949E50085B6F1 /* Network */ = {
			isa = PBXGroup;
			children = (
				CA0C2CCA2BF965B60026C6C7 /* Register */,
				CA0C2CC52BF95C890026C6C7 /* OnBoarding */,
				9E3FBA4E2BF951C80085B6F1 /* RequestDTO */,
				9E3FBA492BF94F7D0085B6F1 /* ResponseDTO */,
				9E3FBA3E2BF94A280085B6F1 /* Base */,
			);
			path = Network;
			sourceTree = "<group>";
		};
		9E3FBA3E2BF94A280085B6F1 /* Base */ = {
			isa = PBXGroup;
			children = (
				9E3FBA3F2BF94A370085B6F1 /* NetworkResult.swift */,
				9E3FBA412BF94A480085B6F1 /* MoyaLoggingPlugin.swift */,
				9E3FBA432BF94A710085B6F1 /* BaseTargetType.swift */,
				CA0C2CC92BF95F140026C6C7 /* Config.xcconfig */,
			);
			path = Base;
			sourceTree = "<group>";
		};
		9E3FBA462BF94BA00085B6F1 /* Setting */ = {
			isa = PBXGroup;
			children = (
				9E3FBA472BF94BAB0085B6F1 /* Config.swift */,
			);
			path = Setting;
			sourceTree = "<group>";
		};
		9E3FBA492BF94F7D0085B6F1 /* ResponseDTO */ = {
			isa = PBXGroup;
			children = (
				9E3FBA4A2BF94FA40085B6F1 /* GetAllResponseDTO.swift */,
				9E3FBA4C2BF950630085B6F1 /* BasicResponseDTO.swift */,
			);
			path = ResponseDTO;
			sourceTree = "<group>";
		};
		9E3FBA4E2BF951C80085B6F1 /* RequestDTO */ = {
			isa = PBXGroup;
			children = (
				9E3FBA4F2BF951E10085B6F1 /* PostGoalRequestBody.swift */,
				9E3FBA512BF9526C0085B6F1 /* PostNotTodoRequestBody.swift */,
				9E3FBA532BF952ED0085B6F1 /* PostTodoRequestBody.swift */,
			);
			path = RequestDTO;
			sourceTree = "<group>";
		};
		CA0C2CBA2BF931EF0026C6C7 /* Views */ = {
			isa = PBXGroup;
			children = (
				CA0C2CBB2BF931F70026C6C7 /* OnBoardingView.swift */,
			);
			path = Views;
			sourceTree = "<group>";
		};
		CA0C2CBF2BF947850026C6C7 /* Lottie */ = {
			isa = PBXGroup;
			children = (
				CA0C2CC02BF9478E0026C6C7 /* lottie.json */,
			);
			path = Lottie;
			sourceTree = "<group>";
		};
		CA0C2CC52BF95C890026C6C7 /* OnBoarding */ = {
			isa = PBXGroup;
			children = (
				CA0C2CC62BF95CC90026C6C7 /* OnBoardingService.swift */,
			);
			path = OnBoarding;
			sourceTree = "<group>";
		};
		CA0C2CCA2BF965B60026C6C7 /* Register */ = {
			isa = PBXGroup;
			children = (
				CA0C2CCB2BF965C40026C6C7 /* RegisterService.swift */,
			);
			path = Register;
			sourceTree = "<group>";
		};
		CA2CBDF52BF8DD3A00049F8F = {
			isa = PBXGroup;
			children = (
				CA2CBE002BF8DD3A00049F8F /* 34th-SOPKATHON-Team1-iOS */,
				CA2CBDFF2BF8DD3A00049F8F /* Products */,
			);
			sourceTree = "<group>";
		};
		CA2CBDFF2BF8DD3A00049F8F /* Products */ = {
			isa = PBXGroup;
			children = (
				CA2CBDFE2BF8DD3A00049F8F /* 34th-SOPKATHON-Team1-iOS.app */,
			);
			name = Products;
			sourceTree = "<group>";
		};
		CA2CBE002BF8DD3A00049F8F /* 34th-SOPKATHON-Team1-iOS */ = {
			isa = PBXGroup;
			children = (
				9E3FBA3D2BF949E50085B6F1 /* Network */,
				CA2CBE442BF90DC700049F8F /* Presentation */,
				CA2CBE262BF8DF3800049F8F /* Global */,
				CA2CBE012BF8DD3A00049F8F /* AppDelegate.swift */,
				CA2CBE032BF8DD3A00049F8F /* SceneDelegate.swift */,
				CA2CBE052BF8DD3A00049F8F /* ViewController.swift */,
				CA2CBE0A2BF8DD3C00049F8F /* Assets.xcassets */,
				CA2CBE0C2BF8DD3C00049F8F /* LaunchScreen.storyboard */,
				CA2CBE0F2BF8DD3C00049F8F /* Info.plist */,
			);
			path = "34th-SOPKATHON-Team1-iOS";
			sourceTree = "<group>";
		};
		CA2CBE262BF8DF3800049F8F /* Global */ = {
			isa = PBXGroup;
			children = (
				9E3FBA462BF94BA00085B6F1 /* Setting */,
				CA2CBE322BF8E2D700049F8F /* Resources */,
				CA2CBE272BF8DF4200049F8F /* Extensions */,
			);
			path = Global;
			sourceTree = "<group>";
		};
		CA2CBE272BF8DF4200049F8F /* Extensions */ = {
			isa = PBXGroup;
			children = (
				CA2CBE282BF8DF5600049F8F /* UICollectionViewCell+.swift */,
				CA2CBE2A2BF8DF9C00049F8F /* UIFont+.swift */,
				CA2CBE2C2BF8DFDC00049F8F /* UIStackView+.swift */,
				CA2CBE2E2BF8DFF400049F8F /* UITableViewCell+.swift */,
				CA2CBE302BF8E00600049F8F /* UIView+.swift */,
				D0C0C0FD2BF8ED38005A7D5C /* UITextField+.swift */,
				CA2CBE422BF8F60D00049F8F /* UILabel+.swift */,
			);
			path = Extensions;
			sourceTree = "<group>";
		};
		CA2CBE322BF8E2D700049F8F /* Resources */ = {
			isa = PBXGroup;
			children = (
				CA2CBE332BF8E2DF00049F8F /* Font */,
			);
			path = Resources;
			sourceTree = "<group>";
		};
		CA2CBE332BF8E2DF00049F8F /* Font */ = {
			isa = PBXGroup;
			children = (
				CA0C2CBD2BF933CE0026C6C7 /* Montserrat-Bold.otf */,
				CA2CBE402BF8E42400049F8F /* Pretendard-Light.otf */,
				CA2CBE3E2BF8E3D400049F8F /* Pretendard-ExtraLight.otf */,
				CA2CBE3C2BF8E35A00049F8F /* Pretendard-ExtraBold.otf */,
				CA2CBE3A2BF8E31300049F8F /* Pretendard-SemiBold.otf */,
				CA2CBE352BF8E30600049F8F /* Pretendard-Bold.otf */,
				CA2CBE362BF8E30600049F8F /* Pretendard-Medium.otf */,
				CA2CBE342BF8E30600049F8F /* Pretendard-Regular.otf */,
			);
			path = Font;
			sourceTree = "<group>";
		};
		CA2CBE442BF90DC700049F8F /* Presentation */ = {
			isa = PBXGroup;
			children = (
				9E3FBA392BF93BDD0085B6F1 /* Success */,
				CA2CBE4A2BF90E1D00049F8F /* CheckToDo */,
				CA2CBE482BF90E0100049F8F /* ConfirmationAlert */,
				CA2CBE472BF90DEC00049F8F /* RegisterToDo */,
				CA2CBE462BF90DE000049F8F /* Splash */,
				CA2CBE452BF90DCF00049F8F /* OnBoarding */,
			);
			path = Presentation;
			sourceTree = "<group>";
		};
		CA2CBE452BF90DCF00049F8F /* OnBoarding */ = {
			isa = PBXGroup;
			children = (
				CA0C2CBA2BF931EF0026C6C7 /* Views */,
				CA2CBE572BF9104800049F8F /* ViewControllers */,
			);
			path = OnBoarding;
			sourceTree = "<group>";
		};
		CA2CBE462BF90DE000049F8F /* Splash */ = {
			isa = PBXGroup;
			children = (
				CA0C2CBF2BF947850026C6C7 /* Lottie */,
				CA2CBE5A2BF9159B00049F8F /* ViewControllers */,
			);
			path = Splash;
			sourceTree = "<group>";
		};
		CA2CBE472BF90DEC00049F8F /* RegisterToDo */ = {
			isa = PBXGroup;
			children = (
				D014574C2BF9214900A6E0AF /* View */,
				D01457492BF9211B00A6E0AF /* ViewController */,
			);
			path = RegisterToDo;
			sourceTree = "<group>";
		};
		CA2CBE482BF90E0100049F8F /* ConfirmationAlert */ = {
			isa = PBXGroup;
			children = (
				9E3FBA332BF913E50085B6F1 /* ViewController */,
			);
			path = ConfirmationAlert;
			sourceTree = "<group>";
		};
		CA2CBE4A2BF90E1D00049F8F /* CheckToDo */ = {
			isa = PBXGroup;
			children = (
				787FA8FD2BF9158C007E5610 /* Cell */,
				CA2CBE4B2BF90E6D00049F8F /* CheckToDoViewController.swift */,
			);
			path = CheckToDo;
			sourceTree = "<group>";
		};
		CA2CBE572BF9104800049F8F /* ViewControllers */ = {
			isa = PBXGroup;
			children = (
				CA2CBE582BF910E800049F8F /* OnBoardingViewController.swift */,
			);
			path = ViewControllers;
			sourceTree = "<group>";
		};
		CA2CBE5A2BF9159B00049F8F /* ViewControllers */ = {
			isa = PBXGroup;
			children = (
				CA2CBE5B2BF915AF00049F8F /* SplashViewController.swift */,
			);
			path = ViewControllers;
			sourceTree = "<group>";
		};
		D01457492BF9211B00A6E0AF /* ViewController */ = {
			isa = PBXGroup;
			children = (
				D014574A2BF9213300A6E0AF /* RegisterToDoViewController.swift */,
				D014574F2BF921A900A6E0AF /* RegisterNotToDoViewController.swift */,
			);
			path = ViewController;
			sourceTree = "<group>";
		};
		D014574C2BF9214900A6E0AF /* View */ = {
			isa = PBXGroup;
			children = (
				D014574D2BF9215800A6E0AF /* RegisterToDoView.swift */,
				D01457512BF921C300A6E0AF /* RegisterNotToDoView.swift */,
			);
			path = View;
			sourceTree = "<group>";
		};
/* End PBXGroup section */

/* Begin PBXNativeTarget section */
		CA2CBDFD2BF8DD3A00049F8F /* 34th-SOPKATHON-Team1-iOS */ = {
			isa = PBXNativeTarget;
			buildConfigurationList = CA2CBE122BF8DD3C00049F8F /* Build configuration list for PBXNativeTarget "34th-SOPKATHON-Team1-iOS" */;
			buildPhases = (
				CA2CBDFA2BF8DD3A00049F8F /* Sources */,
				CA2CBDFB2BF8DD3A00049F8F /* Frameworks */,
				CA2CBDFC2BF8DD3A00049F8F /* Resources */,
			);
			buildRules = (
			);
			dependencies = (
			);
			name = "34th-SOPKATHON-Team1-iOS";
			packageProductDependencies = (
				CA2CBE162BF8DE5E00049F8F /* SnapKit */,
				CA2CBE182BF8DE5E00049F8F /* SnapKit-Dynamic */,
				CA2CBE1B2BF8DE6C00049F8F /* Then */,
				CA2CBE1E2BF8DEC800049F8F /* CombineMoya */,
				CA2CBE202BF8DEC800049F8F /* Moya */,
				CA2CBE222BF8DEC800049F8F /* ReactiveMoya */,
				CA2CBE242BF8DEC800049F8F /* RxMoya */,
				CA0C2CC32BF948290026C6C7 /* Lottie */,
			);
			productName = "34th-SOPKATHON-Team1-iOS";
			productReference = CA2CBDFE2BF8DD3A00049F8F /* 34th-SOPKATHON-Team1-iOS.app */;
			productType = "com.apple.product-type.application";
		};
/* End PBXNativeTarget section */

/* Begin PBXProject section */
		CA2CBDF62BF8DD3A00049F8F /* Project object */ = {
			isa = PBXProject;
			attributes = {
				BuildIndependentTargetsInParallel = 1;
				LastSwiftUpdateCheck = 1530;
				LastUpgradeCheck = 1530;
				TargetAttributes = {
					CA2CBDFD2BF8DD3A00049F8F = {
						CreatedOnToolsVersion = 15.3;
					};
				};
			};
			buildConfigurationList = CA2CBDF92BF8DD3A00049F8F /* Build configuration list for PBXProject "34th-SOPKATHON-Team1-iOS" */;
			compatibilityVersion = "Xcode 14.0";
			developmentRegion = en;
			hasScannedForEncodings = 0;
			knownRegions = (
				en,
				Base,
			);
			mainGroup = CA2CBDF52BF8DD3A00049F8F;
			packageReferences = (
				CA2CBE152BF8DE5E00049F8F /* XCRemoteSwiftPackageReference "SnapKit" */,
				CA2CBE1A2BF8DE6C00049F8F /* XCRemoteSwiftPackageReference "Then" */,
				CA2CBE1D2BF8DEC800049F8F /* XCRemoteSwiftPackageReference "Moya" */,
				CA0C2CC22BF948290026C6C7 /* XCRemoteSwiftPackageReference "lottie-ios" */,
			);
			productRefGroup = CA2CBDFF2BF8DD3A00049F8F /* Products */;
			projectDirPath = "";
			projectRoot = "";
			targets = (
				CA2CBDFD2BF8DD3A00049F8F /* 34th-SOPKATHON-Team1-iOS */,
			);
		};
/* End PBXProject section */

/* Begin PBXResourcesBuildPhase section */
		CA2CBDFC2BF8DD3A00049F8F /* Resources */ = {
			isa = PBXResourcesBuildPhase;
			buildActionMask = 2147483647;
			files = (
				CA2CBE0B2BF8DD3C00049F8F /* Assets.xcassets in Resources */,
				CA2CBE392BF8E30600049F8F /* Pretendard-Medium.otf in Resources */,
				CA2CBE3F2BF8E3D400049F8F /* Pretendard-ExtraLight.otf in Resources */,
				CA2CBE3D2BF8E35A00049F8F /* Pretendard-ExtraBold.otf in Resources */,
				CA2CBE382BF8E30600049F8F /* Pretendard-Bold.otf in Resources */,
				CA0C2CBE2BF933CE0026C6C7 /* Montserrat-Bold.otf in Resources */,
				CA0C2CC12BF9478E0026C6C7 /* lottie.json in Resources */,
				CA2CBE3B2BF8E31300049F8F /* Pretendard-SemiBold.otf in Resources */,
				CA2CBE372BF8E30600049F8F /* Pretendard-Regular.otf in Resources */,
				CA2CBE0E2BF8DD3C00049F8F /* Base in Resources */,
				CA2CBE412BF8E42400049F8F /* Pretendard-Light.otf in Resources */,
			);
			runOnlyForDeploymentPostprocessing = 0;
		};
/* End PBXResourcesBuildPhase section */

/* Begin PBXSourcesBuildPhase section */
		CA2CBDFA2BF8DD3A00049F8F /* Sources */ = {
			isa = PBXSourcesBuildPhase;
			buildActionMask = 2147483647;
			files = (
				9E3FBA442BF94A710085B6F1 /* BaseTargetType.swift in Sources */,
				9E3FBA352BF914110085B6F1 /* ConfirmationAlertViewController.swift in Sources */,
				CA2CBE062BF8DD3A00049F8F /* ViewController.swift in Sources */,
				CA2CBE2D2BF8DFDC00049F8F /* UIStackView+.swift in Sources */,
				D014574B2BF9213300A6E0AF /* RegisterToDoViewController.swift in Sources */,
				9E3FBA4D2BF950630085B6F1 /* BasicResponseDTO.swift in Sources */,
				CA0C2CC72BF95CC90026C6C7 /* OnBoardingService.swift in Sources */,
				CA2CBE432BF8F60D00049F8F /* UILabel+.swift in Sources */,
				9E3FBA4B2BF94FA40085B6F1 /* GetAllResponseDTO.swift in Sources */,
				D014574E2BF9215800A6E0AF /* RegisterToDoView.swift in Sources */,
				9E3FBA422BF94A480085B6F1 /* MoyaLoggingPlugin.swift in Sources */,
				D01457502BF921A900A6E0AF /* RegisterNotToDoViewController.swift in Sources */,
				CA2CBE4C2BF90E6D00049F8F /* CheckToDoViewController.swift in Sources */,
				9E3FBA402BF94A370085B6F1 /* NetworkResult.swift in Sources */,
				9E3FBA502BF951E10085B6F1 /* PostGoalRequestBody.swift in Sources */,
				9E3FBA542BF952ED0085B6F1 /* PostTodoRequestBody.swift in Sources */,
				787FA9012BF915BD007E5610 /* TodoCVC.swift in Sources */,
				CA2CBE2F2BF8DFF400049F8F /* UITableViewCell+.swift in Sources */,
				CA0C2CCC2BF965C40026C6C7 /* RegisterService.swift in Sources */,
				CA2CBE022BF8DD3A00049F8F /* AppDelegate.swift in Sources */,
				CA2CBE312BF8E00600049F8F /* UIView+.swift in Sources */,
				CA2CBE2B2BF8DF9C00049F8F /* UIFont+.swift in Sources */,
				D01457522BF921C300A6E0AF /* RegisterNotToDoView.swift in Sources */,
				9E3FBA3C2BF93BFE0085B6F1 /* SuccessViewController.swift in Sources */,
				9E3FBA522BF9526C0085B6F1 /* PostNotTodoRequestBody.swift in Sources */,
				D0C0C0FE2BF8ED38005A7D5C /* UITextField+.swift in Sources */,
				9E3FBA482BF94BAB0085B6F1 /* Config.swift in Sources */,
				787FA8FF2BF915B1007E5610 /* NotTodoCVC.swift in Sources */,
				CA0C2CBC2BF931F70026C6C7 /* OnBoardingView.swift in Sources */,
				CA2CBE592BF910E800049F8F /* OnBoardingViewController.swift in Sources */,
				CA2CBE292BF8DF5600049F8F /* UICollectionViewCell+.swift in Sources */,
				CA2CBE042BF8DD3A00049F8F /* SceneDelegate.swift in Sources */,
				CA2CBE5C2BF915AF00049F8F /* SplashViewController.swift in Sources */,
			);
			runOnlyForDeploymentPostprocessing = 0;
		};
/* End PBXSourcesBuildPhase section */

/* Begin PBXVariantGroup section */
		CA2CBE0C2BF8DD3C00049F8F /* LaunchScreen.storyboard */ = {
			isa = PBXVariantGroup;
			children = (
				CA2CBE0D2BF8DD3C00049F8F /* Base */,
			);
			name = LaunchScreen.storyboard;
			sourceTree = "<group>";
		};
/* End PBXVariantGroup section */

/* Begin XCBuildConfiguration section */
		CA2CBE102BF8DD3C00049F8F /* Debug */ = {
			isa = XCBuildConfiguration;
			baseConfigurationReference = CA0C2CC92BF95F140026C6C7 /* Config.xcconfig */;
			buildSettings = {
				ALWAYS_SEARCH_USER_PATHS = NO;
				ASSETCATALOG_COMPILER_GENERATE_SWIFT_ASSET_SYMBOL_EXTENSIONS = YES;
				CLANG_ANALYZER_NONNULL = YES;
				CLANG_ANALYZER_NUMBER_OBJECT_CONVERSION = YES_AGGRESSIVE;
				CLANG_CXX_LANGUAGE_STANDARD = "gnu++20";
				CLANG_ENABLE_MODULES = YES;
				CLANG_ENABLE_OBJC_ARC = YES;
				CLANG_ENABLE_OBJC_WEAK = YES;
				CLANG_WARN_BLOCK_CAPTURE_AUTORELEASING = YES;
				CLANG_WARN_BOOL_CONVERSION = YES;
				CLANG_WARN_COMMA = YES;
				CLANG_WARN_CONSTANT_CONVERSION = YES;
				CLANG_WARN_DEPRECATED_OBJC_IMPLEMENTATIONS = YES;
				CLANG_WARN_DIRECT_OBJC_ISA_USAGE = YES_ERROR;
				CLANG_WARN_DOCUMENTATION_COMMENTS = YES;
				CLANG_WARN_EMPTY_BODY = YES;
				CLANG_WARN_ENUM_CONVERSION = YES;
				CLANG_WARN_INFINITE_RECURSION = YES;
				CLANG_WARN_INT_CONVERSION = YES;
				CLANG_WARN_NON_LITERAL_NULL_CONVERSION = YES;
				CLANG_WARN_OBJC_IMPLICIT_RETAIN_SELF = YES;
				CLANG_WARN_OBJC_LITERAL_CONVERSION = YES;
				CLANG_WARN_OBJC_ROOT_CLASS = YES_ERROR;
				CLANG_WARN_QUOTED_INCLUDE_IN_FRAMEWORK_HEADER = YES;
				CLANG_WARN_RANGE_LOOP_ANALYSIS = YES;
				CLANG_WARN_STRICT_PROTOTYPES = YES;
				CLANG_WARN_SUSPICIOUS_MOVE = YES;
				CLANG_WARN_UNGUARDED_AVAILABILITY = YES_AGGRESSIVE;
				CLANG_WARN_UNREACHABLE_CODE = YES;
				CLANG_WARN__DUPLICATE_METHOD_MATCH = YES;
				COPY_PHASE_STRIP = NO;
				DEBUG_INFORMATION_FORMAT = dwarf;
				ENABLE_STRICT_OBJC_MSGSEND = YES;
				ENABLE_TESTABILITY = YES;
				ENABLE_USER_SCRIPT_SANDBOXING = YES;
				GCC_C_LANGUAGE_STANDARD = gnu17;
				GCC_DYNAMIC_NO_PIC = NO;
				GCC_NO_COMMON_BLOCKS = YES;
				GCC_OPTIMIZATION_LEVEL = 0;
				GCC_PREPROCESSOR_DEFINITIONS = (
					"DEBUG=1",
					"$(inherited)",
				);
				GCC_WARN_64_TO_32_BIT_CONVERSION = YES;
				GCC_WARN_ABOUT_RETURN_TYPE = YES_ERROR;
				GCC_WARN_UNDECLARED_SELECTOR = YES;
				GCC_WARN_UNINITIALIZED_AUTOS = YES_AGGRESSIVE;
				GCC_WARN_UNUSED_FUNCTION = YES;
				GCC_WARN_UNUSED_VARIABLE = YES;
				IPHONEOS_DEPLOYMENT_TARGET = 17.0;
				LOCALIZATION_PREFERS_STRING_CATALOGS = YES;
				MTL_ENABLE_DEBUG_INFO = INCLUDE_SOURCE;
				MTL_FAST_MATH = YES;
				ONLY_ACTIVE_ARCH = YES;
				SDKROOT = iphoneos;
				SWIFT_ACTIVE_COMPILATION_CONDITIONS = "DEBUG $(inherited)";
				SWIFT_OPTIMIZATION_LEVEL = "-Onone";
			};
			name = Debug;
		};
		CA2CBE112BF8DD3C00049F8F /* Release */ = {
			isa = XCBuildConfiguration;
			baseConfigurationReference = CA0C2CC92BF95F140026C6C7 /* Config.xcconfig */;
			buildSettings = {
				ALWAYS_SEARCH_USER_PATHS = NO;
				ASSETCATALOG_COMPILER_GENERATE_SWIFT_ASSET_SYMBOL_EXTENSIONS = YES;
				CLANG_ANALYZER_NONNULL = YES;
				CLANG_ANALYZER_NUMBER_OBJECT_CONVERSION = YES_AGGRESSIVE;
				CLANG_CXX_LANGUAGE_STANDARD = "gnu++20";
				CLANG_ENABLE_MODULES = YES;
				CLANG_ENABLE_OBJC_ARC = YES;
				CLANG_ENABLE_OBJC_WEAK = YES;
				CLANG_WARN_BLOCK_CAPTURE_AUTORELEASING = YES;
				CLANG_WARN_BOOL_CONVERSION = YES;
				CLANG_WARN_COMMA = YES;
				CLANG_WARN_CONSTANT_CONVERSION = YES;
				CLANG_WARN_DEPRECATED_OBJC_IMPLEMENTATIONS = YES;
				CLANG_WARN_DIRECT_OBJC_ISA_USAGE = YES_ERROR;
				CLANG_WARN_DOCUMENTATION_COMMENTS = YES;
				CLANG_WARN_EMPTY_BODY = YES;
				CLANG_WARN_ENUM_CONVERSION = YES;
				CLANG_WARN_INFINITE_RECURSION = YES;
				CLANG_WARN_INT_CONVERSION = YES;
				CLANG_WARN_NON_LITERAL_NULL_CONVERSION = YES;
				CLANG_WARN_OBJC_IMPLICIT_RETAIN_SELF = YES;
				CLANG_WARN_OBJC_LITERAL_CONVERSION = YES;
				CLANG_WARN_OBJC_ROOT_CLASS = YES_ERROR;
				CLANG_WARN_QUOTED_INCLUDE_IN_FRAMEWORK_HEADER = YES;
				CLANG_WARN_RANGE_LOOP_ANALYSIS = YES;
				CLANG_WARN_STRICT_PROTOTYPES = YES;
				CLANG_WARN_SUSPICIOUS_MOVE = YES;
				CLANG_WARN_UNGUARDED_AVAILABILITY = YES_AGGRESSIVE;
				CLANG_WARN_UNREACHABLE_CODE = YES;
				CLANG_WARN__DUPLICATE_METHOD_MATCH = YES;
				COPY_PHASE_STRIP = NO;
				DEBUG_INFORMATION_FORMAT = "dwarf-with-dsym";
				ENABLE_NS_ASSERTIONS = NO;
				ENABLE_STRICT_OBJC_MSGSEND = YES;
				ENABLE_USER_SCRIPT_SANDBOXING = YES;
				GCC_C_LANGUAGE_STANDARD = gnu17;
				GCC_NO_COMMON_BLOCKS = YES;
				GCC_WARN_64_TO_32_BIT_CONVERSION = YES;
				GCC_WARN_ABOUT_RETURN_TYPE = YES_ERROR;
				GCC_WARN_UNDECLARED_SELECTOR = YES;
				GCC_WARN_UNINITIALIZED_AUTOS = YES_AGGRESSIVE;
				GCC_WARN_UNUSED_FUNCTION = YES;
				GCC_WARN_UNUSED_VARIABLE = YES;
				IPHONEOS_DEPLOYMENT_TARGET = 17.0;
				LOCALIZATION_PREFERS_STRING_CATALOGS = YES;
				MTL_ENABLE_DEBUG_INFO = NO;
				MTL_FAST_MATH = YES;
				SDKROOT = iphoneos;
				SWIFT_COMPILATION_MODE = wholemodule;
				VALIDATE_PRODUCT = YES;
			};
			name = Release;
		};
		CA2CBE132BF8DD3C00049F8F /* Debug */ = {
			isa = XCBuildConfiguration;
			baseConfigurationReference = CA0C2CC92BF95F140026C6C7 /* Config.xcconfig */;
			buildSettings = {
				ASSETCATALOG_COMPILER_APPICON_NAME = AppIcon;
				ASSETCATALOG_COMPILER_GLOBAL_ACCENT_COLOR_NAME = AccentColor;
				CODE_SIGN_STYLE = Automatic;
				CURRENT_PROJECT_VERSION = 1;
				DEVELOPMENT_TEAM = D2DRA3F792;
				GENERATE_INFOPLIST_FILE = YES;
				INFOPLIST_FILE = "34th-SOPKATHON-Team1-iOS/Info.plist";
				INFOPLIST_KEY_UIApplicationSupportsIndirectInputEvents = YES;
				INFOPLIST_KEY_UILaunchStoryboardName = LaunchScreen;
				INFOPLIST_KEY_UISupportedInterfaceOrientations_iPad = "UIInterfaceOrientationPortrait UIInterfaceOrientationPortraitUpsideDown UIInterfaceOrientationLandscapeLeft UIInterfaceOrientationLandscapeRight";
				INFOPLIST_KEY_UISupportedInterfaceOrientations_iPhone = "UIInterfaceOrientationPortrait UIInterfaceOrientationLandscapeLeft UIInterfaceOrientationLandscapeRight";
				LD_RUNPATH_SEARCH_PATHS = (
					"$(inherited)",
					"@executable_path/Frameworks",
				);
				MARKETING_VERSION = 1.0;
				PRODUCT_BUNDLE_IDENTIFIER = "com.heeseul.-4th-SOPKATHON-Team1-iOS";
				PRODUCT_NAME = "$(TARGET_NAME)";
				SWIFT_EMIT_LOC_STRINGS = YES;
				SWIFT_VERSION = 5.0;
				TARGETED_DEVICE_FAMILY = "1,2";
			};
			name = Debug;
		};
		CA2CBE142BF8DD3C00049F8F /* Release */ = {
			isa = XCBuildConfiguration;
			baseConfigurationReference = CA0C2CC92BF95F140026C6C7 /* Config.xcconfig */;
			buildSettings = {
				ASSETCATALOG_COMPILER_APPICON_NAME = AppIcon;
				ASSETCATALOG_COMPILER_GLOBAL_ACCENT_COLOR_NAME = AccentColor;
				CODE_SIGN_STYLE = Automatic;
				CURRENT_PROJECT_VERSION = 1;
				DEVELOPMENT_TEAM = D2DRA3F792;
				GENERATE_INFOPLIST_FILE = YES;
				INFOPLIST_FILE = "34th-SOPKATHON-Team1-iOS/Info.plist";
				INFOPLIST_KEY_UIApplicationSupportsIndirectInputEvents = YES;
				INFOPLIST_KEY_UILaunchStoryboardName = LaunchScreen;
				INFOPLIST_KEY_UISupportedInterfaceOrientations_iPad = "UIInterfaceOrientationPortrait UIInterfaceOrientationPortraitUpsideDown UIInterfaceOrientationLandscapeLeft UIInterfaceOrientationLandscapeRight";
				INFOPLIST_KEY_UISupportedInterfaceOrientations_iPhone = "UIInterfaceOrientationPortrait UIInterfaceOrientationLandscapeLeft UIInterfaceOrientationLandscapeRight";
				LD_RUNPATH_SEARCH_PATHS = (
					"$(inherited)",
					"@executable_path/Frameworks",
				);
				MARKETING_VERSION = 1.0;
				PRODUCT_BUNDLE_IDENTIFIER = "com.heeseul.-4th-SOPKATHON-Team1-iOS";
				PRODUCT_NAME = "$(TARGET_NAME)";
				SWIFT_EMIT_LOC_STRINGS = YES;
				SWIFT_VERSION = 5.0;
				TARGETED_DEVICE_FAMILY = "1,2";
			};
			name = Release;
		};
/* End XCBuildConfiguration section */

/* Begin XCConfigurationList section */
		CA2CBDF92BF8DD3A00049F8F /* Build configuration list for PBXProject "34th-SOPKATHON-Team1-iOS" */ = {
			isa = XCConfigurationList;
			buildConfigurations = (
				CA2CBE102BF8DD3C00049F8F /* Debug */,
				CA2CBE112BF8DD3C00049F8F /* Release */,
			);
			defaultConfigurationIsVisible = 0;
			defaultConfigurationName = Release;
		};
		CA2CBE122BF8DD3C00049F8F /* Build configuration list for PBXNativeTarget "34th-SOPKATHON-Team1-iOS" */ = {
			isa = XCConfigurationList;
			buildConfigurations = (
				CA2CBE132BF8DD3C00049F8F /* Debug */,
				CA2CBE142BF8DD3C00049F8F /* Release */,
			);
			defaultConfigurationIsVisible = 0;
			defaultConfigurationName = Release;
		};
/* End XCConfigurationList section */

/* Begin XCRemoteSwiftPackageReference section */
		CA0C2CC22BF948290026C6C7 /* XCRemoteSwiftPackageReference "lottie-ios" */ = {
			isa = XCRemoteSwiftPackageReference;
			repositoryURL = "https://github.com/airbnb/lottie-ios";
			requirement = {
				kind = upToNextMajorVersion;
				minimumVersion = 4.4.3;
			};
		};
		CA2CBE152BF8DE5E00049F8F /* XCRemoteSwiftPackageReference "SnapKit" */ = {
			isa = XCRemoteSwiftPackageReference;
			repositoryURL = "https://github.com/SnapKit/SnapKit";
			requirement = {
				kind = upToNextMajorVersion;
				minimumVersion = 5.7.1;
			};
		};
		CA2CBE1A2BF8DE6C00049F8F /* XCRemoteSwiftPackageReference "Then" */ = {
			isa = XCRemoteSwiftPackageReference;
			repositoryURL = "https://github.com/devxoul/Then";
			requirement = {
				kind = upToNextMajorVersion;
				minimumVersion = 3.0.0;
			};
		};
		CA2CBE1D2BF8DEC800049F8F /* XCRemoteSwiftPackageReference "Moya" */ = {
			isa = XCRemoteSwiftPackageReference;
			repositoryURL = "https://github.com/Moya/Moya";
			requirement = {
				kind = upToNextMajorVersion;
				minimumVersion = 15.0.3;
			};
		};
/* End XCRemoteSwiftPackageReference section */

/* Begin XCSwiftPackageProductDependency section */
		CA0C2CC32BF948290026C6C7 /* Lottie */ = {
			isa = XCSwiftPackageProductDependency;
			package = CA0C2CC22BF948290026C6C7 /* XCRemoteSwiftPackageReference "lottie-ios" */;
			productName = Lottie;
		};
		CA2CBE162BF8DE5E00049F8F /* SnapKit */ = {
			isa = XCSwiftPackageProductDependency;
			package = CA2CBE152BF8DE5E00049F8F /* XCRemoteSwiftPackageReference "SnapKit" */;
			productName = SnapKit;
		};
		CA2CBE182BF8DE5E00049F8F /* SnapKit-Dynamic */ = {
			isa = XCSwiftPackageProductDependency;
			package = CA2CBE152BF8DE5E00049F8F /* XCRemoteSwiftPackageReference "SnapKit" */;
			productName = "SnapKit-Dynamic";
		};
		CA2CBE1B2BF8DE6C00049F8F /* Then */ = {
			isa = XCSwiftPackageProductDependency;
			package = CA2CBE1A2BF8DE6C00049F8F /* XCRemoteSwiftPackageReference "Then" */;
			productName = Then;
		};
		CA2CBE1E2BF8DEC800049F8F /* CombineMoya */ = {
			isa = XCSwiftPackageProductDependency;
			package = CA2CBE1D2BF8DEC800049F8F /* XCRemoteSwiftPackageReference "Moya" */;
			productName = CombineMoya;
		};
		CA2CBE202BF8DEC800049F8F /* Moya */ = {
			isa = XCSwiftPackageProductDependency;
			package = CA2CBE1D2BF8DEC800049F8F /* XCRemoteSwiftPackageReference "Moya" */;
			productName = Moya;
		};
		CA2CBE222BF8DEC800049F8F /* ReactiveMoya */ = {
			isa = XCSwiftPackageProductDependency;
			package = CA2CBE1D2BF8DEC800049F8F /* XCRemoteSwiftPackageReference "Moya" */;
			productName = ReactiveMoya;
		};
		CA2CBE242BF8DEC800049F8F /* RxMoya */ = {
			isa = XCSwiftPackageProductDependency;
			package = CA2CBE1D2BF8DEC800049F8F /* XCRemoteSwiftPackageReference "Moya" */;
			productName = RxMoya;
		};
/* End XCSwiftPackageProductDependency section */
	};
	rootObject = CA2CBDF62BF8DD3A00049F8F /* Project object */;
}
