// !$*UTF8*$!
{
	archiveVersion = 1;
	classes = {
	};
	objectVersion = 56;
	objects = {

/* Begin PBXBuildFile section */
		9E38DBA32BF51DDF00D1CA61 /* AppDelegate.swift in Sources */ = {isa = PBXBuildFile; fileRef = 9E38DBA22BF51DDF00D1CA61 /* AppDelegate.swift */; };
		9E38DBA52BF51DDF00D1CA61 /* SceneDelegate.swift in Sources */ = {isa = PBXBuildFile; fileRef = 9E38DBA42BF51DDF00D1CA61 /* SceneDelegate.swift */; };
		9E38DBA72BF51DDF00D1CA61 /* ViewController.swift in Sources */ = {isa = PBXBuildFile; fileRef = 9E38DBA62BF51DDF00D1CA61 /* ViewController.swift */; };
		9E38DBAA2BF51DDF00D1CA61 /* Base in Resources */ = {isa = PBXBuildFile; fileRef = 9E38DBA92BF51DDF00D1CA61 /* Base */; };
		9E38DBAC2BF51DE100D1CA61 /* Assets.xcassets in Resources */ = {isa = PBXBuildFile; fileRef = 9E38DBAB2BF51DE100D1CA61 /* Assets.xcassets */; };
		9E38DBAF2BF51DE100D1CA61 /* Base in Resources */ = {isa = PBXBuildFile; fileRef = 9E38DBAE2BF51DE100D1CA61 /* Base */; };
		9E38DBBA2BF51DE100D1CA61 /* _4th_SOPKATHON_Team1_iOSTests.swift in Sources */ = {isa = PBXBuildFile; fileRef = 9E38DBB92BF51DE100D1CA61 /* _4th_SOPKATHON_Team1_iOSTests.swift */; };
		9E38DBC42BF51DE100D1CA61 /* _4th_SOPKATHON_Team1_iOSUITests.swift in Sources */ = {isa = PBXBuildFile; fileRef = 9E38DBC32BF51DE100D1CA61 /* _4th_SOPKATHON_Team1_iOSUITests.swift */; };
		9E38DBC62BF51DE100D1CA61 /* _4th_SOPKATHON_Team1_iOSUITestsLaunchTests.swift in Sources */ = {isa = PBXBuildFile; fileRef = 9E38DBC52BF51DE100D1CA61 /* _4th_SOPKATHON_Team1_iOSUITestsLaunchTests.swift */; };
/* End PBXBuildFile section */

/* Begin PBXContainerItemProxy section */
		9E38DBB62BF51DE100D1CA61 /* PBXContainerItemProxy */ = {
			isa = PBXContainerItemProxy;
			containerPortal = 9E38DB972BF51DDF00D1CA61 /* Project object */;
			proxyType = 1;
			remoteGlobalIDString = 9E38DB9E2BF51DDF00D1CA61;
			remoteInfo = "34th-SOPKATHON-Team1-iOS";
		};
		9E38DBC02BF51DE100D1CA61 /* PBXContainerItemProxy */ = {
			isa = PBXContainerItemProxy;
			containerPortal = 9E38DB972BF51DDF00D1CA61 /* Project object */;
			proxyType = 1;
			remoteGlobalIDString = 9E38DB9E2BF51DDF00D1CA61;
			remoteInfo = "34th-SOPKATHON-Team1-iOS";
		};
/* End PBXContainerItemProxy section */

/* Begin PBXFileReference section */
		9E38DB9F2BF51DDF00D1CA61 /* 34th-SOPKATHON-Team1-iOS.app */ = {isa = PBXFileReference; explicitFileType = wrapper.application; includeInIndex = 0; path = "34th-SOPKATHON-Team1-iOS.app"; sourceTree = BUILT_PRODUCTS_DIR; };
		9E38DBA22BF51DDF00D1CA61 /* AppDelegate.swift */ = {isa = PBXFileReference; lastKnownFileType = sourcecode.swift; path = AppDelegate.swift; sourceTree = "<group>"; };
		9E38DBA42BF51DDF00D1CA61 /* SceneDelegate.swift */ = {isa = PBXFileReference; lastKnownFileType = sourcecode.swift; path = SceneDelegate.swift; sourceTree = "<group>"; };
		9E38DBA62BF51DDF00D1CA61 /* ViewController.swift */ = {isa = PBXFileReference; lastKnownFileType = sourcecode.swift; path = ViewController.swift; sourceTree = "<group>"; };
		9E38DBA92BF51DDF00D1CA61 /* Base */ = {isa = PBXFileReference; lastKnownFileType = file.storyboard; name = Base; path = Base.lproj/Main.storyboard; sourceTree = "<group>"; };
		9E38DBAB2BF51DE100D1CA61 /* Assets.xcassets */ = {isa = PBXFileReference; lastKnownFileType = folder.assetcatalog; path = Assets.xcassets; sourceTree = "<group>"; };
		9E38DBAE2BF51DE100D1CA61 /* Base */ = {isa = PBXFileReference; lastKnownFileType = file.storyboard; name = Base; path = Base.lproj/LaunchScreen.storyboard; sourceTree = "<group>"; };
		9E38DBB02BF51DE100D1CA61 /* Info.plist */ = {isa = PBXFileReference; lastKnownFileType = text.plist.xml; path = Info.plist; sourceTree = "<group>"; };
		9E38DBB52BF51DE100D1CA61 /* 34th-SOPKATHON-Team1-iOSTests.xctest */ = {isa = PBXFileReference; explicitFileType = wrapper.cfbundle; includeInIndex = 0; path = "34th-SOPKATHON-Team1-iOSTests.xctest"; sourceTree = BUILT_PRODUCTS_DIR; };
		9E38DBB92BF51DE100D1CA61 /* _4th_SOPKATHON_Team1_iOSTests.swift */ = {isa = PBXFileReference; lastKnownFileType = sourcecode.swift; path = _4th_SOPKATHON_Team1_iOSTests.swift; sourceTree = "<group>"; };
		9E38DBBF2BF51DE100D1CA61 /* 34th-SOPKATHON-Team1-iOSUITests.xctest */ = {isa = PBXFileReference; explicitFileType = wrapper.cfbundle; includeInIndex = 0; path = "34th-SOPKATHON-Team1-iOSUITests.xctest"; sourceTree = BUILT_PRODUCTS_DIR; };
		9E38DBC32BF51DE100D1CA61 /* _4th_SOPKATHON_Team1_iOSUITests.swift */ = {isa = PBXFileReference; lastKnownFileType = sourcecode.swift; path = _4th_SOPKATHON_Team1_iOSUITests.swift; sourceTree = "<group>"; };
		9E38DBC52BF51DE100D1CA61 /* _4th_SOPKATHON_Team1_iOSUITestsLaunchTests.swift */ = {isa = PBXFileReference; lastKnownFileType = sourcecode.swift; path = _4th_SOPKATHON_Team1_iOSUITestsLaunchTests.swift; sourceTree = "<group>"; };
/* End PBXFileReference section */

/* Begin PBXFrameworksBuildPhase section */
		9E38DB9C2BF51DDF00D1CA61 /* Frameworks */ = {
			isa = PBXFrameworksBuildPhase;
			buildActionMask = 2147483647;
			files = (
			);
			runOnlyForDeploymentPostprocessing = 0;
		};
		9E38DBB22BF51DE100D1CA61 /* Frameworks */ = {
			isa = PBXFrameworksBuildPhase;
			buildActionMask = 2147483647;
			files = (
			);
			runOnlyForDeploymentPostprocessing = 0;
		};
		9E38DBBC2BF51DE100D1CA61 /* Frameworks */ = {
			isa = PBXFrameworksBuildPhase;
			buildActionMask = 2147483647;
			files = (
			);
			runOnlyForDeploymentPostprocessing = 0;
		};
/* End PBXFrameworksBuildPhase section */

/* Begin PBXGroup section */
		9E38DB962BF51DDF00D1CA61 = {
			isa = PBXGroup;
			children = (
				9E38DBA12BF51DDF00D1CA61 /* 34th-SOPKATHON-Team1-iOS */,
				9E38DBB82BF51DE100D1CA61 /* 34th-SOPKATHON-Team1-iOSTests */,
				9E38DBC22BF51DE100D1CA61 /* 34th-SOPKATHON-Team1-iOSUITests */,
				9E38DBA02BF51DDF00D1CA61 /* Products */,
			);
			sourceTree = "<group>";
		};
		9E38DBA02BF51DDF00D1CA61 /* Products */ = {
			isa = PBXGroup;
			children = (
				9E38DB9F2BF51DDF00D1CA61 /* 34th-SOPKATHON-Team1-iOS.app */,
				9E38DBB52BF51DE100D1CA61 /* 34th-SOPKATHON-Team1-iOSTests.xctest */,
				9E38DBBF2BF51DE100D1CA61 /* 34th-SOPKATHON-Team1-iOSUITests.xctest */,
			);
			name = Products;
			sourceTree = "<group>";
		};
		9E38DBA12BF51DDF00D1CA61 /* 34th-SOPKATHON-Team1-iOS */ = {
			isa = PBXGroup;
			children = (
				9E38DBA22BF51DDF00D1CA61 /* AppDelegate.swift */,
				9E38DBA42BF51DDF00D1CA61 /* SceneDelegate.swift */,
				9E38DBA62BF51DDF00D1CA61 /* ViewController.swift */,
				9E38DBA82BF51DDF00D1CA61 /* Main.storyboard */,
				9E38DBAB2BF51DE100D1CA61 /* Assets.xcassets */,
				9E38DBAD2BF51DE100D1CA61 /* LaunchScreen.storyboard */,
				9E38DBB02BF51DE100D1CA61 /* Info.plist */,
			);
			path = "34th-SOPKATHON-Team1-iOS";
			sourceTree = "<group>";
		};
		9E38DBB82BF51DE100D1CA61 /* 34th-SOPKATHON-Team1-iOSTests */ = {
			isa = PBXGroup;
			children = (
				9E38DBB92BF51DE100D1CA61 /* _4th_SOPKATHON_Team1_iOSTests.swift */,
			);
			path = "34th-SOPKATHON-Team1-iOSTests";
			sourceTree = "<group>";
		};
		9E38DBC22BF51DE100D1CA61 /* 34th-SOPKATHON-Team1-iOSUITests */ = {
			isa = PBXGroup;
			children = (
				9E38DBC32BF51DE100D1CA61 /* _4th_SOPKATHON_Team1_iOSUITests.swift */,
				9E38DBC52BF51DE100D1CA61 /* _4th_SOPKATHON_Team1_iOSUITestsLaunchTests.swift */,
			);
			path = "34th-SOPKATHON-Team1-iOSUITests";
			sourceTree = "<group>";
		};
/* End PBXGroup section */

/* Begin PBXNativeTarget section */
		9E38DB9E2BF51DDF00D1CA61 /* 34th-SOPKATHON-Team1-iOS */ = {
			isa = PBXNativeTarget;
			buildConfigurationList = 9E38DBC92BF51DE100D1CA61 /* Build configuration list for PBXNativeTarget "34th-SOPKATHON-Team1-iOS" */;
			buildPhases = (
				9E38DB9B2BF51DDF00D1CA61 /* Sources */,
				9E38DB9C2BF51DDF00D1CA61 /* Frameworks */,
				9E38DB9D2BF51DDF00D1CA61 /* Resources */,
			);
			buildRules = (
			);
			dependencies = (
			);
			name = "34th-SOPKATHON-Team1-iOS";
			productName = "34th-SOPKATHON-Team1-iOS";
			productReference = 9E38DB9F2BF51DDF00D1CA61 /* 34th-SOPKATHON-Team1-iOS.app */;
			productType = "com.apple.product-type.application";
		};
		9E38DBB42BF51DE100D1CA61 /* 34th-SOPKATHON-Team1-iOSTests */ = {
			isa = PBXNativeTarget;
			buildConfigurationList = 9E38DBCC2BF51DE100D1CA61 /* Build configuration list for PBXNativeTarget "34th-SOPKATHON-Team1-iOSTests" */;
			buildPhases = (
				9E38DBB12BF51DE100D1CA61 /* Sources */,
				9E38DBB22BF51DE100D1CA61 /* Frameworks */,
				9E38DBB32BF51DE100D1CA61 /* Resources */,
			);
			buildRules = (
			);
			dependencies = (
				9E38DBB72BF51DE100D1CA61 /* PBXTargetDependency */,
			);
			name = "34th-SOPKATHON-Team1-iOSTests";
			productName = "34th-SOPKATHON-Team1-iOSTests";
			productReference = 9E38DBB52BF51DE100D1CA61 /* 34th-SOPKATHON-Team1-iOSTests.xctest */;
			productType = "com.apple.product-type.bundle.unit-test";
		};
		9E38DBBE2BF51DE100D1CA61 /* 34th-SOPKATHON-Team1-iOSUITests */ = {
			isa = PBXNativeTarget;
			buildConfigurationList = 9E38DBCF2BF51DE100D1CA61 /* Build configuration list for PBXNativeTarget "34th-SOPKATHON-Team1-iOSUITests" */;
			buildPhases = (
				9E38DBBB2BF51DE100D1CA61 /* Sources */,
				9E38DBBC2BF51DE100D1CA61 /* Frameworks */,
				9E38DBBD2BF51DE100D1CA61 /* Resources */,
			);
			buildRules = (
			);
			dependencies = (
				9E38DBC12BF51DE100D1CA61 /* PBXTargetDependency */,
			);
			name = "34th-SOPKATHON-Team1-iOSUITests";
			productName = "34th-SOPKATHON-Team1-iOSUITests";
			productReference = 9E38DBBF2BF51DE100D1CA61 /* 34th-SOPKATHON-Team1-iOSUITests.xctest */;
			productType = "com.apple.product-type.bundle.ui-testing";
		};
/* End PBXNativeTarget section */

/* Begin PBXProject section */
		9E38DB972BF51DDF00D1CA61 /* Project object */ = {
			isa = PBXProject;
			attributes = {
				BuildIndependentTargetsInParallel = 1;
				LastSwiftUpdateCheck = 1530;
				LastUpgradeCheck = 1530;
				TargetAttributes = {
					9E38DB9E2BF51DDF00D1CA61 = {
						CreatedOnToolsVersion = 15.3;
					};
					9E38DBB42BF51DE100D1CA61 = {
						CreatedOnToolsVersion = 15.3;
						TestTargetID = 9E38DB9E2BF51DDF00D1CA61;
					};
					9E38DBBE2BF51DE100D1CA61 = {
						CreatedOnToolsVersion = 15.3;
						TestTargetID = 9E38DB9E2BF51DDF00D1CA61;
					};
				};
			};
			buildConfigurationList = 9E38DB9A2BF51DDF00D1CA61 /* Build configuration list for PBXProject "34th-SOPKATHON-Team1-iOS" */;
			compatibilityVersion = "Xcode 14.0";
			developmentRegion = en;
			hasScannedForEncodings = 0;
			knownRegions = (
				en,
				Base,
			);
			mainGroup = 9E38DB962BF51DDF00D1CA61;
			productRefGroup = 9E38DBA02BF51DDF00D1CA61 /* Products */;
			projectDirPath = "";
			projectRoot = "";
			targets = (
				9E38DB9E2BF51DDF00D1CA61 /* 34th-SOPKATHON-Team1-iOS */,
				9E38DBB42BF51DE100D1CA61 /* 34th-SOPKATHON-Team1-iOSTests */,
				9E38DBBE2BF51DE100D1CA61 /* 34th-SOPKATHON-Team1-iOSUITests */,
			);
		};
/* End PBXProject section */

/* Begin PBXResourcesBuildPhase section */
		9E38DB9D2BF51DDF00D1CA61 /* Resources */ = {
			isa = PBXResourcesBuildPhase;
			buildActionMask = 2147483647;
			files = (
				9E38DBAC2BF51DE100D1CA61 /* Assets.xcassets in Resources */,
				9E38DBAF2BF51DE100D1CA61 /* Base in Resources */,
				9E38DBAA2BF51DDF00D1CA61 /* Base in Resources */,
			);
			runOnlyForDeploymentPostprocessing = 0;
		};
		9E38DBB32BF51DE100D1CA61 /* Resources */ = {
			isa = PBXResourcesBuildPhase;
			buildActionMask = 2147483647;
			files = (
			);
			runOnlyForDeploymentPostprocessing = 0;
		};
		9E38DBBD2BF51DE100D1CA61 /* Resources */ = {
			isa = PBXResourcesBuildPhase;
			buildActionMask = 2147483647;
			files = (
			);
			runOnlyForDeploymentPostprocessing = 0;
		};
/* End PBXResourcesBuildPhase section */

/* Begin PBXSourcesBuildPhase section */
		9E38DB9B2BF51DDF00D1CA61 /* Sources */ = {
			isa = PBXSourcesBuildPhase;
			buildActionMask = 2147483647;
			files = (
				9E38DBA72BF51DDF00D1CA61 /* ViewController.swift in Sources */,
				9E38DBA32BF51DDF00D1CA61 /* AppDelegate.swift in Sources */,
				9E38DBA52BF51DDF00D1CA61 /* SceneDelegate.swift in Sources */,
			);
			runOnlyForDeploymentPostprocessing = 0;
		};
		9E38DBB12BF51DE100D1CA61 /* Sources */ = {
			isa = PBXSourcesBuildPhase;
			buildActionMask = 2147483647;
			files = (
				9E38DBBA2BF51DE100D1CA61 /* _4th_SOPKATHON_Team1_iOSTests.swift in Sources */,
			);
			runOnlyForDeploymentPostprocessing = 0;
		};
		9E38DBBB2BF51DE100D1CA61 /* Sources */ = {
			isa = PBXSourcesBuildPhase;
			buildActionMask = 2147483647;
			files = (
				9E38DBC62BF51DE100D1CA61 /* _4th_SOPKATHON_Team1_iOSUITestsLaunchTests.swift in Sources */,
				9E38DBC42BF51DE100D1CA61 /* _4th_SOPKATHON_Team1_iOSUITests.swift in Sources */,
			);
			runOnlyForDeploymentPostprocessing = 0;
		};
/* End PBXSourcesBuildPhase section */

/* Begin PBXTargetDependency section */
		9E38DBB72BF51DE100D1CA61 /* PBXTargetDependency */ = {
			isa = PBXTargetDependency;
			target = 9E38DB9E2BF51DDF00D1CA61 /* 34th-SOPKATHON-Team1-iOS */;
			targetProxy = 9E38DBB62BF51DE100D1CA61 /* PBXContainerItemProxy */;
		};
		9E38DBC12BF51DE100D1CA61 /* PBXTargetDependency */ = {
			isa = PBXTargetDependency;
			target = 9E38DB9E2BF51DDF00D1CA61 /* 34th-SOPKATHON-Team1-iOS */;
			targetProxy = 9E38DBC02BF51DE100D1CA61 /* PBXContainerItemProxy */;
		};
/* End PBXTargetDependency section */

/* Begin PBXVariantGroup section */
		9E38DBA82BF51DDF00D1CA61 /* Main.storyboard */ = {
			isa = PBXVariantGroup;
			children = (
				9E38DBA92BF51DDF00D1CA61 /* Base */,
			);
			name = Main.storyboard;
			sourceTree = "<group>";
		};
		9E38DBAD2BF51DE100D1CA61 /* LaunchScreen.storyboard */ = {
			isa = PBXVariantGroup;
			children = (
				9E38DBAE2BF51DE100D1CA61 /* Base */,
			);
			name = LaunchScreen.storyboard;
			sourceTree = "<group>";
		};
/* End PBXVariantGroup section */

/* Begin XCBuildConfiguration section */
		9E38DBC72BF51DE100D1CA61 /* Debug */ = {
			isa = XCBuildConfiguration;
			buildSettings = {
				ALWAYS_SEARCH_USER_PATHS = NO;
				ASSETCATALOG_COMPILER_GENERATE_SWIFT_ASSET_SYMBOL_EXTENSIONS = YES;
				CLANG_ANALYZER_NONNULL = YES;
				CLANG_ANALYZER_NUMBER_OBJECT_CONVERSION = YES_AGGRESSIVE;
				CLANG_CXX_LANGUAGE_STANDARD = "gnu++20";
				CLANG_ENABLE_MODULES = YES;
				CLANG_ENABLE_OBJC_ARC = YES;
				CLANG_ENABLE_OBJC_WEAK = YES;
				CLANG_WARN_BLOCK_CAPTURE_AUTORELEASING = YES;
				CLANG_WARN_BOOL_CONVERSION = YES;
				CLANG_WARN_COMMA = YES;
				CLANG_WARN_CONSTANT_CONVERSION = YES;
				CLANG_WARN_DEPRECATED_OBJC_IMPLEMENTATIONS = YES;
				CLANG_WARN_DIRECT_OBJC_ISA_USAGE = YES_ERROR;
				CLANG_WARN_DOCUMENTATION_COMMENTS = YES;
				CLANG_WARN_EMPTY_BODY = YES;
				CLANG_WARN_ENUM_CONVERSION = YES;
				CLANG_WARN_INFINITE_RECURSION = YES;
				CLANG_WARN_INT_CONVERSION = YES;
				CLANG_WARN_NON_LITERAL_NULL_CONVERSION = YES;
				CLANG_WARN_OBJC_IMPLICIT_RETAIN_SELF = YES;
				CLANG_WARN_OBJC_LITERAL_CONVERSION = YES;
				CLANG_WARN_OBJC_ROOT_CLASS = YES_ERROR;
				CLANG_WARN_QUOTED_INCLUDE_IN_FRAMEWORK_HEADER = YES;
				CLANG_WARN_RANGE_LOOP_ANALYSIS = YES;
				CLANG_WARN_STRICT_PROTOTYPES = YES;
				CLANG_WARN_SUSPICIOUS_MOVE = YES;
				CLANG_WARN_UNGUARDED_AVAILABILITY = YES_AGGRESSIVE;
				CLANG_WARN_UNREACHABLE_CODE = YES;
				CLANG_WARN__DUPLICATE_METHOD_MATCH = YES;
				COPY_PHASE_STRIP = NO;
				DEBUG_INFORMATION_FORMAT = dwarf;
				ENABLE_STRICT_OBJC_MSGSEND = YES;
				ENABLE_TESTABILITY = YES;
				ENABLE_USER_SCRIPT_SANDBOXING = YES;
				GCC_C_LANGUAGE_STANDARD = gnu17;
				GCC_DYNAMIC_NO_PIC = NO;
				GCC_NO_COMMON_BLOCKS = YES;
				GCC_OPTIMIZATION_LEVEL = 0;
				GCC_PREPROCESSOR_DEFINITIONS = (
					"DEBUG=1",
					"$(inherited)",
				);
				GCC_WARN_64_TO_32_BIT_CONVERSION = YES;
				GCC_WARN_ABOUT_RETURN_TYPE = YES_ERROR;
				GCC_WARN_UNDECLARED_SELECTOR = YES;
				GCC_WARN_UNINITIALIZED_AUTOS = YES_AGGRESSIVE;
				GCC_WARN_UNUSED_FUNCTION = YES;
				GCC_WARN_UNUSED_VARIABLE = YES;
				IPHONEOS_DEPLOYMENT_TARGET = 17.4;
				LOCALIZATION_PREFERS_STRING_CATALOGS = YES;
				MTL_ENABLE_DEBUG_INFO = INCLUDE_SOURCE;
				MTL_FAST_MATH = YES;
				ONLY_ACTIVE_ARCH = YES;
				SDKROOT = iphoneos;
				SWIFT_ACTIVE_COMPILATION_CONDITIONS = "DEBUG $(inherited)";
				SWIFT_OPTIMIZATION_LEVEL = "-Onone";
			};
			name = Debug;
		};
		9E38DBC82BF51DE100D1CA61 /* Release */ = {
			isa = XCBuildConfiguration;
			buildSettings = {
				ALWAYS_SEARCH_USER_PATHS = NO;
				ASSETCATALOG_COMPILER_GENERATE_SWIFT_ASSET_SYMBOL_EXTENSIONS = YES;
				CLANG_ANALYZER_NONNULL = YES;
				CLANG_ANALYZER_NUMBER_OBJECT_CONVERSION = YES_AGGRESSIVE;
				CLANG_CXX_LANGUAGE_STANDARD = "gnu++20";
				CLANG_ENABLE_MODULES = YES;
				CLANG_ENABLE_OBJC_ARC = YES;
				CLANG_ENABLE_OBJC_WEAK = YES;
				CLANG_WARN_BLOCK_CAPTURE_AUTORELEASING = YES;
				CLANG_WARN_BOOL_CONVERSION = YES;
				CLANG_WARN_COMMA = YES;
				CLANG_WARN_CONSTANT_CONVERSION = YES;
				CLANG_WARN_DEPRECATED_OBJC_IMPLEMENTATIONS = YES;
				CLANG_WARN_DIRECT_OBJC_ISA_USAGE = YES_ERROR;
				CLANG_WARN_DOCUMENTATION_COMMENTS = YES;
				CLANG_WARN_EMPTY_BODY = YES;
				CLANG_WARN_ENUM_CONVERSION = YES;
				CLANG_WARN_INFINITE_RECURSION = YES;
				CLANG_WARN_INT_CONVERSION = YES;
				CLANG_WARN_NON_LITERAL_NULL_CONVERSION = YES;
				CLANG_WARN_OBJC_IMPLICIT_RETAIN_SELF = YES;
				CLANG_WARN_OBJC_LITERAL_CONVERSION = YES;
				CLANG_WARN_OBJC_ROOT_CLASS = YES_ERROR;
				CLANG_WARN_QUOTED_INCLUDE_IN_FRAMEWORK_HEADER = YES;
				CLANG_WARN_RANGE_LOOP_ANALYSIS = YES;
				CLANG_WARN_STRICT_PROTOTYPES = YES;
				CLANG_WARN_SUSPICIOUS_MOVE = YES;
				CLANG_WARN_UNGUARDED_AVAILABILITY = YES_AGGRESSIVE;
				CLANG_WARN_UNREACHABLE_CODE = YES;
				CLANG_WARN__DUPLICATE_METHOD_MATCH = YES;
				COPY_PHASE_STRIP = NO;
				DEBUG_INFORMATION_FORMAT = "dwarf-with-dsym";
				ENABLE_NS_ASSERTIONS = NO;
				ENABLE_STRICT_OBJC_MSGSEND = YES;
				ENABLE_USER_SCRIPT_SANDBOXING = YES;
				GCC_C_LANGUAGE_STANDARD = gnu17;
				GCC_NO_COMMON_BLOCKS = YES;
				GCC_WARN_64_TO_32_BIT_CONVERSION = YES;
				GCC_WARN_ABOUT_RETURN_TYPE = YES_ERROR;
				GCC_WARN_UNDECLARED_SELECTOR = YES;
				GCC_WARN_UNINITIALIZED_AUTOS = YES_AGGRESSIVE;
				GCC_WARN_UNUSED_FUNCTION = YES;
				GCC_WARN_UNUSED_VARIABLE = YES;
				IPHONEOS_DEPLOYMENT_TARGET = 17.4;
				LOCALIZATION_PREFERS_STRING_CATALOGS = YES;
				MTL_ENABLE_DEBUG_INFO = NO;
				MTL_FAST_MATH = YES;
				SDKROOT = iphoneos;
				SWIFT_COMPILATION_MODE = wholemodule;
				VALIDATE_PRODUCT = YES;
			};
			name = Release;
		};
		9E38DBCA2BF51DE100D1CA61 /* Debug */ = {
			isa = XCBuildConfiguration;
			buildSettings = {
				ASSETCATALOG_COMPILER_APPICON_NAME = AppIcon;
				ASSETCATALOG_COMPILER_GLOBAL_ACCENT_COLOR_NAME = AccentColor;
				CODE_SIGN_STYLE = Automatic;
				CURRENT_PROJECT_VERSION = 1;
				GENERATE_INFOPLIST_FILE = YES;
				INFOPLIST_FILE = "34th-SOPKATHON-Team1-iOS/Info.plist";
				INFOPLIST_KEY_UIApplicationSupportsIndirectInputEvents = YES;
				INFOPLIST_KEY_UILaunchStoryboardName = LaunchScreen;
				INFOPLIST_KEY_UIMainStoryboardFile = Main;
				INFOPLIST_KEY_UISupportedInterfaceOrientations_iPad = "UIInterfaceOrientationPortrait UIInterfaceOrientationPortraitUpsideDown UIInterfaceOrientationLandscapeLeft UIInterfaceOrientationLandscapeRight";
				INFOPLIST_KEY_UISupportedInterfaceOrientations_iPhone = "UIInterfaceOrientationPortrait UIInterfaceOrientationLandscapeLeft UIInterfaceOrientationLandscapeRight";
				LD_RUNPATH_SEARCH_PATHS = (
					"$(inherited)",
					"@executable_path/Frameworks",
				);
				MARKETING_VERSION = 1.0;
				PRODUCT_BUNDLE_IDENTIFIER = "com.test.-4th-SOPKATHON-Team1-iOS";
				PRODUCT_NAME = "$(TARGET_NAME)";
				SWIFT_EMIT_LOC_STRINGS = YES;
				SWIFT_VERSION = 5.0;
				TARGETED_DEVICE_FAMILY = "1,2";
			};
			name = Debug;
		};
		9E38DBCB2BF51DE100D1CA61 /* Release */ = {
			isa = XCBuildConfiguration;
			buildSettings = {
				ASSETCATALOG_COMPILER_APPICON_NAME = AppIcon;
				ASSETCATALOG_COMPILER_GLOBAL_ACCENT_COLOR_NAME = AccentColor;
				CODE_SIGN_STYLE = Automatic;
				CURRENT_PROJECT_VERSION = 1;
				GENERATE_INFOPLIST_FILE = YES;
				INFOPLIST_FILE = "34th-SOPKATHON-Team1-iOS/Info.plist";
				INFOPLIST_KEY_UIApplicationSupportsIndirectInputEvents = YES;
				INFOPLIST_KEY_UILaunchStoryboardName = LaunchScreen;
				INFOPLIST_KEY_UIMainStoryboardFile = Main;
				INFOPLIST_KEY_UISupportedInterfaceOrientations_iPad = "UIInterfaceOrientationPortrait UIInterfaceOrientationPortraitUpsideDown UIInterfaceOrientationLandscapeLeft UIInterfaceOrientationLandscapeRight";
				INFOPLIST_KEY_UISupportedInterfaceOrientations_iPhone = "UIInterfaceOrientationPortrait UIInterfaceOrientationLandscapeLeft UIInterfaceOrientationLandscapeRight";
				LD_RUNPATH_SEARCH_PATHS = (
					"$(inherited)",
					"@executable_path/Frameworks",
				);
				MARKETING_VERSION = 1.0;
				PRODUCT_BUNDLE_IDENTIFIER = "com.test.-4th-SOPKATHON-Team1-iOS";
				PRODUCT_NAME = "$(TARGET_NAME)";
				SWIFT_EMIT_LOC_STRINGS = YES;
				SWIFT_VERSION = 5.0;
				TARGETED_DEVICE_FAMILY = "1,2";
			};
			name = Release;
		};
		9E38DBCD2BF51DE100D1CA61 /* Debug */ = {
			isa = XCBuildConfiguration;
			buildSettings = {
				ALWAYS_EMBED_SWIFT_STANDARD_LIBRARIES = YES;
				BUNDLE_LOADER = "$(TEST_HOST)";
				CODE_SIGN_STYLE = Automatic;
				CURRENT_PROJECT_VERSION = 1;
				GENERATE_INFOPLIST_FILE = YES;
				IPHONEOS_DEPLOYMENT_TARGET = 17.4;
				MARKETING_VERSION = 1.0;
				PRODUCT_BUNDLE_IDENTIFIER = "com.test.-4th-SOPKATHON-Team1-iOSTests";
				PRODUCT_NAME = "$(TARGET_NAME)";
				SWIFT_EMIT_LOC_STRINGS = NO;
				SWIFT_VERSION = 5.0;
				TARGETED_DEVICE_FAMILY = "1,2";
				TEST_HOST = "$(BUILT_PRODUCTS_DIR)/34th-SOPKATHON-Team1-iOS.app/$(BUNDLE_EXECUTABLE_FOLDER_PATH)/34th-SOPKATHON-Team1-iOS";
			};
			name = Debug;
		};
		9E38DBCE2BF51DE100D1CA61 /* Release */ = {
			isa = XCBuildConfiguration;
			buildSettings = {
				ALWAYS_EMBED_SWIFT_STANDARD_LIBRARIES = YES;
				BUNDLE_LOADER = "$(TEST_HOST)";
				CODE_SIGN_STYLE = Automatic;
				CURRENT_PROJECT_VERSION = 1;
				GENERATE_INFOPLIST_FILE = YES;
				IPHONEOS_DEPLOYMENT_TARGET = 17.4;
				MARKETING_VERSION = 1.0;
				PRODUCT_BUNDLE_IDENTIFIER = "com.test.-4th-SOPKATHON-Team1-iOSTests";
				PRODUCT_NAME = "$(TARGET_NAME)";
				SWIFT_EMIT_LOC_STRINGS = NO;
				SWIFT_VERSION = 5.0;
				TARGETED_DEVICE_FAMILY = "1,2";
				TEST_HOST = "$(BUILT_PRODUCTS_DIR)/34th-SOPKATHON-Team1-iOS.app/$(BUNDLE_EXECUTABLE_FOLDER_PATH)/34th-SOPKATHON-Team1-iOS";
			};
			name = Release;
		};
		9E38DBD02BF51DE100D1CA61 /* Debug */ = {
			isa = XCBuildConfiguration;
			buildSettings = {
				ALWAYS_EMBED_SWIFT_STANDARD_LIBRARIES = YES;
				CODE_SIGN_STYLE = Automatic;
				CURRENT_PROJECT_VERSION = 1;
				GENERATE_INFOPLIST_FILE = YES;
				MARKETING_VERSION = 1.0;
				PRODUCT_BUNDLE_IDENTIFIER = "com.test.-4th-SOPKATHON-Team1-iOSUITests";
				PRODUCT_NAME = "$(TARGET_NAME)";
				SWIFT_EMIT_LOC_STRINGS = NO;
				SWIFT_VERSION = 5.0;
				TARGETED_DEVICE_FAMILY = "1,2";
				TEST_TARGET_NAME = "34th-SOPKATHON-Team1-iOS";
			};
			name = Debug;
		};
		9E38DBD12BF51DE100D1CA61 /* Release */ = {
			isa = XCBuildConfiguration;
			buildSettings = {
				ALWAYS_EMBED_SWIFT_STANDARD_LIBRARIES = YES;
				CODE_SIGN_STYLE = Automatic;
				CURRENT_PROJECT_VERSION = 1;
				GENERATE_INFOPLIST_FILE = YES;
				MARKETING_VERSION = 1.0;
				PRODUCT_BUNDLE_IDENTIFIER = "com.test.-4th-SOPKATHON-Team1-iOSUITests";
				PRODUCT_NAME = "$(TARGET_NAME)";
				SWIFT_EMIT_LOC_STRINGS = NO;
				SWIFT_VERSION = 5.0;
				TARGETED_DEVICE_FAMILY = "1,2";
				TEST_TARGET_NAME = "34th-SOPKATHON-Team1-iOS";
			};
			name = Release;
		};
/* End XCBuildConfiguration section */

/* Begin XCConfigurationList section */
		9E38DB9A2BF51DDF00D1CA61 /* Build configuration list for PBXProject "34th-SOPKATHON-Team1-iOS" */ = {
			isa = XCConfigurationList;
			buildConfigurations = (
				9E38DBC72BF51DE100D1CA61 /* Debug */,
				9E38DBC82BF51DE100D1CA61 /* Release */,
			);
			defaultConfigurationIsVisible = 0;
			defaultConfigurationName = Release;
		};
		9E38DBC92BF51DE100D1CA61 /* Build configuration list for PBXNativeTarget "34th-SOPKATHON-Team1-iOS" */ = {
			isa = XCConfigurationList;
			buildConfigurations = (
				9E38DBCA2BF51DE100D1CA61 /* Debug */,
				9E38DBCB2BF51DE100D1CA61 /* Release */,
			);
			defaultConfigurationIsVisible = 0;
			defaultConfigurationName = Release;
		};
		9E38DBCC2BF51DE100D1CA61 /* Build configuration list for PBXNativeTarget "34th-SOPKATHON-Team1-iOSTests" */ = {
			isa = XCConfigurationList;
			buildConfigurations = (
				9E38DBCD2BF51DE100D1CA61 /* Debug */,
				9E38DBCE2BF51DE100D1CA61 /* Release */,
			);
			defaultConfigurationIsVisible = 0;
			defaultConfigurationName = Release;
		};
		9E38DBCF2BF51DE100D1CA61 /* Build configuration list for PBXNativeTarget "34th-SOPKATHON-Team1-iOSUITests" */ = {
			isa = XCConfigurationList;
			buildConfigurations = (
				9E38DBD02BF51DE100D1CA61 /* Debug */,
				9E38DBD12BF51DE100D1CA61 /* Release */,
			);
			defaultConfigurationIsVisible = 0;
			defaultConfigurationName = Release;
		};
/* End XCConfigurationList section */
	};
	rootObject = 9E38DB972BF51DDF00D1CA61 /* Project object */;
}
